
Microsoft Visual Studio Solution File, Format Version 12.00
# Visual Studio Version 17
VisualStudioVersion = 17.3.32929.385
MinimumVisualStudioVersion = 10.0.40219.1
Project("{FAE04EC0-301F-11D3-BF4B-00C04F79EFBC}") = "non-generic-collection", "non-generic-collection\non-generic-collection.csproj", "{FE84A9BE-6A2E-4AC4-B9BB-B5C6179A9BD1}"
EndProject
Global
	GlobalSection(SolutionConfigurationPlatforms) = preSolution
		Debug|Any CPU = Debug|Any CPU
		Release|Any CPU = Release|Any CPU
	EndGlobalSection
	GlobalSection(ProjectConfigurationPlatforms) = postSolution
		{FE84A9BE-6A2E-4AC4-B9BB-B5C6179A9BD1}.Debug|Any CPU.ActiveCfg = Debug|Any CPU
		{FE84A9BE-6A2E-4AC4-B9BB-B5C6179A9BD1}.Debug|Any CPU.Build.0 = Debug|Any CPU
		{FE84A9BE-6A2E-4AC4-B9BB-B5C6179A9BD1}.Release|Any CPU.ActiveCfg = Release|Any CPU
		{FE84A9BE-6A2E-4AC4-B9BB-B5C6179A9BD1}.Release|Any CPU.Build.0 = Release|Any CPU
	EndGlobalSection
	GlobalSection(SolutionProperties) = preSolution
		HideSolutionNode = FALSE
	EndGlobalSection
	GlobalSection(ExtensibilityGlobals) = postSolution
		SolutionGuid = {32584593-554A-4024-BD8A-73D68EA3D99E}
	EndGlobalSection
EndGlobal
